// !$*UTF8*$!
{
	archiveVersion = 1;
	classes = {
	};
	objectVersion = 46;
	objects = {

/* Begin PBXBuildFile section */
		0B53291A18E7D9E00017EE3E /* Cityscape.png in Resources */ = {isa = PBXBuildFile; fileRef = 0B53291918E7D9E00017EE3E /* Cityscape.png */; };
		0B53291E18E7DB280017EE3E /* pauperless_black.png in Resources */ = {isa = PBXBuildFile; fileRef = 0B53291B18E7DB280017EE3E /* pauperless_black.png */; };
		0B53291F18E7DB280017EE3E /* pauperless_white.png in Resources */ = {isa = PBXBuildFile; fileRef = 0B53291C18E7DB280017EE3E /* pauperless_white.png */; };
		0B53292018E7DB280017EE3E /* pauperless.png in Resources */ = {isa = PBXBuildFile; fileRef = 0B53291D18E7DB280017EE3E /* pauperless.png */; };
		0B53292518E7DC930017EE3E /* AddItemViewController.m in Sources */ = {isa = PBXBuildFile; fileRef = 0B53292218E7DC930017EE3E /* AddItemViewController.m */; };
		0B53292618E7DC930017EE3E /* NonProfitViewController.m in Sources */ = {isa = PBXBuildFile; fileRef = 0B53292418E7DC930017EE3E /* NonProfitViewController.m */; };
		0B7B03FA18E80EC3000AA3FF /* SubscriptionViewController.m in Sources */ = {isa = PBXBuildFile; fileRef = 0B7B03F918E80EC3000AA3FF /* SubscriptionViewController.m */; };
		0B7B03FD18E812C9000AA3FF /* NonprofitCell.m in Sources */ = {isa = PBXBuildFile; fileRef = 0B7B03FC18E812C9000AA3FF /* NonprofitCell.m */; };
		0B7B040018E814C7000AA3FF /* ManageSubscriptionsViewController.m in Sources */ = {isa = PBXBuildFile; fileRef = 0B7B03FF18E814C7000AA3FF /* ManageSubscriptionsViewController.m */; };
		0BABB54618E7EEB30041EBE2 /* ItemCell.m in Sources */ = {isa = PBXBuildFile; fileRef = 0BABB54518E7EEB30041EBE2 /* ItemCell.m */; };
		0BABB54818E7F4580041EBE2 /* sidewalk.png in Resources */ = {isa = PBXBuildFile; fileRef = 0BABB54718E7F4580041EBE2 /* sidewalk.png */; };
		0BABB54B18E7F78F0041EBE2 /* ItemDetails.m in Sources */ = {isa = PBXBuildFile; fileRef = 0BABB54A18E7F78F0041EBE2 /* ItemDetails.m */; };
		0BABB55F18E7FCDA0041EBE2 /* AppIcon29x29.png in Resources */ = {isa = PBXBuildFile; fileRef = 0BABB54D18E7FCDA0041EBE2 /* AppIcon29x29.png */; };
		0BABB56018E7FCDA0041EBE2 /* AppIcon29x29@2x.png in Resources */ = {isa = PBXBuildFile; fileRef = 0BABB54E18E7FCDA0041EBE2 /* AppIcon29x29@2x.png */; };
		0BABB56118E7FCDA0041EBE2 /* AppIcon40x40.png in Resources */ = {isa = PBXBuildFile; fileRef = 0BABB54F18E7FCDA0041EBE2 /* AppIcon40x40.png */; };
		0BABB56218E7FCDA0041EBE2 /* AppIcon40x40@2x.png in Resources */ = {isa = PBXBuildFile; fileRef = 0BABB55018E7FCDA0041EBE2 /* AppIcon40x40@2x.png */; };
		0BABB56318E7FCDA0041EBE2 /* AppIcon50x50.png in Resources */ = {isa = PBXBuildFile; fileRef = 0BABB55118E7FCDA0041EBE2 /* AppIcon50x50.png */; };
		0BABB56418E7FCDA0041EBE2 /* AppIcon50x50@2x.png in Resources */ = {isa = PBXBuildFile; fileRef = 0BABB55218E7FCDA0041EBE2 /* AppIcon50x50@2x.png */; };
		0BABB56518E7FCDA0041EBE2 /* AppIcon57x57.png in Resources */ = {isa = PBXBuildFile; fileRef = 0BABB55318E7FCDA0041EBE2 /* AppIcon57x57.png */; };
		0BABB56618E7FCDA0041EBE2 /* AppIcon57x57@2x.png in Resources */ = {isa = PBXBuildFile; fileRef = 0BABB55418E7FCDA0041EBE2 /* AppIcon57x57@2x.png */; };
		0BABB56718E7FCDA0041EBE2 /* AppIcon60x60.png in Resources */ = {isa = PBXBuildFile; fileRef = 0BABB55518E7FCDA0041EBE2 /* AppIcon60x60.png */; };
		0BABB56818E7FCDA0041EBE2 /* AppIcon60x60@2x.png in Resources */ = {isa = PBXBuildFile; fileRef = 0BABB55618E7FCDA0041EBE2 /* AppIcon60x60@2x.png */; };
		0BABB56918E7FCDA0041EBE2 /* AppIcon72x72.png in Resources */ = {isa = PBXBuildFile; fileRef = 0BABB55718E7FCDA0041EBE2 /* AppIcon72x72.png */; };
		0BABB56A18E7FCDA0041EBE2 /* AppIcon72x72@2x.png in Resources */ = {isa = PBXBuildFile; fileRef = 0BABB55818E7FCDA0041EBE2 /* AppIcon72x72@2x.png */; };
		0BABB56B18E7FCDA0041EBE2 /* AppIcon76x76.png in Resources */ = {isa = PBXBuildFile; fileRef = 0BABB55918E7FCDA0041EBE2 /* AppIcon76x76.png */; };
		0BABB56C18E7FCDA0041EBE2 /* AppIcon76x76@2x.png in Resources */ = {isa = PBXBuildFile; fileRef = 0BABB55A18E7FCDA0041EBE2 /* AppIcon76x76@2x.png */; };
		0BABB56D18E7FCDA0041EBE2 /* iTunesArtwork.png in Resources */ = {isa = PBXBuildFile; fileRef = 0BABB55B18E7FCDA0041EBE2 /* iTunesArtwork.png */; };
		0BABB56E18E7FCDA0041EBE2 /* iTunesArtwork@2x.png in Resources */ = {isa = PBXBuildFile; fileRef = 0BABB55C18E7FCDA0041EBE2 /* iTunesArtwork@2x.png */; };
		0BABB57318E7FE5A0041EBE2 /* background1.jpg in Resources */ = {isa = PBXBuildFile; fileRef = 0BABB57118E7FE5A0041EBE2 /* background1.jpg */; };
		0BABB57418E7FE5A0041EBE2 /* background2.jpg in Resources */ = {isa = PBXBuildFile; fileRef = 0BABB57218E7FE5A0041EBE2 /* background2.jpg */; };
		0BABB57718E806D40041EBE2 /* RegisterTypeViewController.m in Sources */ = {isa = PBXBuildFile; fileRef = 0BABB57618E806D40041EBE2 /* RegisterTypeViewController.m */; };
		0BFA501018E770F4005EEEF1 /* Foundation.framework in Frameworks */ = {isa = PBXBuildFile; fileRef = 0BFA500F18E770F4005EEEF1 /* Foundation.framework */; };
		0BFA501218E770F4005EEEF1 /* CoreGraphics.framework in Frameworks */ = {isa = PBXBuildFile; fileRef = 0BFA501118E770F4005EEEF1 /* CoreGraphics.framework */; };
		0BFA501418E770F4005EEEF1 /* UIKit.framework in Frameworks */ = {isa = PBXBuildFile; fileRef = 0BFA501318E770F4005EEEF1 /* UIKit.framework */; };
		0BFA501A18E770F4005EEEF1 /* InfoPlist.strings in Resources */ = {isa = PBXBuildFile; fileRef = 0BFA501818E770F4005EEEF1 /* InfoPlist.strings */; };
		0BFA501C18E770F4005EEEF1 /* main.m in Sources */ = {isa = PBXBuildFile; fileRef = 0BFA501B18E770F4005EEEF1 /* main.m */; };
		0BFA502018E770F4005EEEF1 /* PauperAppDelegate.m in Sources */ = {isa = PBXBuildFile; fileRef = 0BFA501F18E770F4005EEEF1 /* PauperAppDelegate.m */; };
		0BFA502318E770F4005EEEF1 /* Main.storyboard in Resources */ = {isa = PBXBuildFile; fileRef = 0BFA502118E770F4005EEEF1 /* Main.storyboard */; };
		0BFA502618E770F4005EEEF1 /* PauperViewController.m in Sources */ = {isa = PBXBuildFile; fileRef = 0BFA502518E770F4005EEEF1 /* PauperViewController.m */; };
		0BFA502818E770F4005EEEF1 /* Images.xcassets in Resources */ = {isa = PBXBuildFile; fileRef = 0BFA502718E770F4005EEEF1 /* Images.xcassets */; };
		0BFA502F18E770F4005EEEF1 /* XCTest.framework in Frameworks */ = {isa = PBXBuildFile; fileRef = 0BFA502E18E770F4005EEEF1 /* XCTest.framework */; };
		0BFA503018E770F4005EEEF1 /* Foundation.framework in Frameworks */ = {isa = PBXBuildFile; fileRef = 0BFA500F18E770F4005EEEF1 /* Foundation.framework */; };
		0BFA503118E770F4005EEEF1 /* UIKit.framework in Frameworks */ = {isa = PBXBuildFile; fileRef = 0BFA501318E770F4005EEEF1 /* UIKit.framework */; };
		0BFA503918E770F4005EEEF1 /* InfoPlist.strings in Resources */ = {isa = PBXBuildFile; fileRef = 0BFA503718E770F4005EEEF1 /* InfoPlist.strings */; };
		0BFA503B18E770F4005EEEF1 /* PauperlessTests.m in Sources */ = {isa = PBXBuildFile; fileRef = 0BFA503A18E770F4005EEEF1 /* PauperlessTests.m */; };
		0BFA504718E78A3B005EEEF1 /* AudioToolbox.framework in Frameworks */ = {isa = PBXBuildFile; fileRef = 0BFA504618E78A3B005EEEF1 /* AudioToolbox.framework */; };
		0BFA504918E78A40005EEEF1 /* CFNetwork.framework in Frameworks */ = {isa = PBXBuildFile; fileRef = 0BFA504818E78A40005EEEF1 /* CFNetwork.framework */; };
		0BFA504B18E78A48005EEEF1 /* CoreLocation.framework in Frameworks */ = {isa = PBXBuildFile; fileRef = 0BFA504A18E78A48005EEEF1 /* CoreLocation.framework */; };
		0BFA504D18E78A4D005EEEF1 /* libz.dylib in Frameworks */ = {isa = PBXBuildFile; fileRef = 0BFA504C18E78A4D005EEEF1 /* libz.dylib */; };
		0BFA504F18E78A51005EEEF1 /* MobileCoreServices.framework in Frameworks */ = {isa = PBXBuildFile; fileRef = 0BFA504E18E78A51005EEEF1 /* MobileCoreServices.framework */; };
		0BFA505118E78A55005EEEF1 /* QuartzCore.framework in Frameworks */ = {isa = PBXBuildFile; fileRef = 0BFA505018E78A55005EEEF1 /* QuartzCore.framework */; };
		0BFA505318E78A59005EEEF1 /* Security.framework in Frameworks */ = {isa = PBXBuildFile; fileRef = 0BFA505218E78A59005EEEF1 /* Security.framework */; };
		0BFA505518E78A5E005EEEF1 /* StoreKit.framework in Frameworks */ = {isa = PBXBuildFile; fileRef = 0BFA505418E78A5E005EEEF1 /* StoreKit.framework */; };
		0BFA505718E78A69005EEEF1 /* SystemConfiguration.framework in Frameworks */ = {isa = PBXBuildFile; fileRef = 0BFA505618E78A69005EEEF1 /* SystemConfiguration.framework */; };
		0BFA505F18E78C75005EEEF1 /* RegistrationViewController.m in Sources */ = {isa = PBXBuildFile; fileRef = 0BFA505E18E78C75005EEEF1 /* RegistrationViewController.m */; };
		0BFA506018E78EE7005EEEF1 /* Parse.framework in Frameworks */ = {isa = PBXBuildFile; fileRef = 0BFA505818E78AA6005EEEF1 /* Parse.framework */; };
/* End PBXBuildFile section */

/* Begin PBXContainerItemProxy section */
		0BFA503218E770F4005EEEF1 /* PBXContainerItemProxy */ = {
			isa = PBXContainerItemProxy;
			containerPortal = 0BFA500418E770F4005EEEF1 /* Project object */;
			proxyType = 1;
			remoteGlobalIDString = 0BFA500B18E770F4005EEEF1;
			remoteInfo = Pauperless;
		};
/* End PBXContainerItemProxy section */

/* Begin PBXFileReference section */
		0B53291918E7D9E00017EE3E /* Cityscape.png */ = {isa = PBXFileReference; lastKnownFileType = image.png; name = Cityscape.png; path = Assets/Cityscape.png; sourceTree = "<group>"; };
		0B53291B18E7DB280017EE3E /* pauperless_black.png */ = {isa = PBXFileReference; lastKnownFileType = image.png; name = pauperless_black.png; path = Assets/pauperless_black.png; sourceTree = "<group>"; };
		0B53291C18E7DB280017EE3E /* pauperless_white.png */ = {isa = PBXFileReference; lastKnownFileType = image.png; name = pauperless_white.png; path = Assets/pauperless_white.png; sourceTree = "<group>"; };
		0B53291D18E7DB280017EE3E /* pauperless.png */ = {isa = PBXFileReference; lastKnownFileType = image.png; name = pauperless.png; path = Assets/pauperless.png; sourceTree = "<group>"; };
		0B53292118E7DC930017EE3E /* AddItemViewController.h */ = {isa = PBXFileReference; fileEncoding = 4; lastKnownFileType = sourcecode.c.h; path = AddItemViewController.h; sourceTree = "<group>"; };
		0B53292218E7DC930017EE3E /* AddItemViewController.m */ = {isa = PBXFileReference; fileEncoding = 4; lastKnownFileType = sourcecode.c.objc; path = AddItemViewController.m; sourceTree = "<group>"; };
		0B53292318E7DC930017EE3E /* NonProfitViewController.h */ = {isa = PBXFileReference; fileEncoding = 4; lastKnownFileType = sourcecode.c.h; path = NonProfitViewController.h; sourceTree = "<group>"; };
		0B53292418E7DC930017EE3E /* NonProfitViewController.m */ = {isa = PBXFileReference; fileEncoding = 4; lastKnownFileType = sourcecode.c.objc; path = NonProfitViewController.m; sourceTree = "<group>"; };
		0B7B03F818E80EC3000AA3FF /* SubscriptionViewController.h */ = {isa = PBXFileReference; fileEncoding = 4; lastKnownFileType = sourcecode.c.h; path = SubscriptionViewController.h; sourceTree = "<group>"; };
		0B7B03F918E80EC3000AA3FF /* SubscriptionViewController.m */ = {isa = PBXFileReference; fileEncoding = 4; lastKnownFileType = sourcecode.c.objc; path = SubscriptionViewController.m; sourceTree = "<group>"; };
		0B7B03FB18E812C9000AA3FF /* NonprofitCell.h */ = {isa = PBXFileReference; fileEncoding = 4; lastKnownFileType = sourcecode.c.h; path = NonprofitCell.h; sourceTree = "<group>"; };
		0B7B03FC18E812C9000AA3FF /* NonprofitCell.m */ = {isa = PBXFileReference; fileEncoding = 4; lastKnownFileType = sourcecode.c.objc; path = NonprofitCell.m; sourceTree = "<group>"; };
		0B7B03FE18E814C7000AA3FF /* ManageSubscriptionsViewController.h */ = {isa = PBXFileReference; fileEncoding = 4; lastKnownFileType = sourcecode.c.h; path = ManageSubscriptionsViewController.h; sourceTree = "<group>"; };
		0B7B03FF18E814C7000AA3FF /* ManageSubscriptionsViewController.m */ = {isa = PBXFileReference; fileEncoding = 4; lastKnownFileType = sourcecode.c.objc; path = ManageSubscriptionsViewController.m; sourceTree = "<group>"; };
		0BABB54418E7EEB30041EBE2 /* ItemCell.h */ = {isa = PBXFileReference; fileEncoding = 4; lastKnownFileType = sourcecode.c.h; path = ItemCell.h; sourceTree = "<group>"; };
		0BABB54518E7EEB30041EBE2 /* ItemCell.m */ = {isa = PBXFileReference; fileEncoding = 4; lastKnownFileType = sourcecode.c.objc; path = ItemCell.m; sourceTree = "<group>"; };
		0BABB54718E7F4580041EBE2 /* sidewalk.png */ = {isa = PBXFileReference; lastKnownFileType = image.png; name = sidewalk.png; path = Assets/sidewalk.png; sourceTree = "<group>"; };
		0BABB54918E7F78F0041EBE2 /* ItemDetails.h */ = {isa = PBXFileReference; fileEncoding = 4; lastKnownFileType = sourcecode.c.h; path = ItemDetails.h; sourceTree = "<group>"; };
		0BABB54A18E7F78F0041EBE2 /* ItemDetails.m */ = {isa = PBXFileReference; fileEncoding = 4; lastKnownFileType = sourcecode.c.objc; path = ItemDetails.m; sourceTree = "<group>"; };
		0BABB54D18E7FCDA0041EBE2 /* AppIcon29x29.png */ = {isa = PBXFileReference; lastKnownFileType = image.png; path = AppIcon29x29.png; sourceTree = "<group>"; };
		0BABB54E18E7FCDA0041EBE2 /* AppIcon29x29@2x.png */ = {isa = PBXFileReference; lastKnownFileType = image.png; path = "AppIcon29x29@2x.png"; sourceTree = "<group>"; };
		0BABB54F18E7FCDA0041EBE2 /* AppIcon40x40.png */ = {isa = PBXFileReference; lastKnownFileType = image.png; path = AppIcon40x40.png; sourceTree = "<group>"; };
		0BABB55018E7FCDA0041EBE2 /* AppIcon40x40@2x.png */ = {isa = PBXFileReference; lastKnownFileType = image.png; path = "AppIcon40x40@2x.png"; sourceTree = "<group>"; };
		0BABB55118E7FCDA0041EBE2 /* AppIcon50x50.png */ = {isa = PBXFileReference; lastKnownFileType = image.png; path = AppIcon50x50.png; sourceTree = "<group>"; };
		0BABB55218E7FCDA0041EBE2 /* AppIcon50x50@2x.png */ = {isa = PBXFileReference; lastKnownFileType = image.png; path = "AppIcon50x50@2x.png"; sourceTree = "<group>"; };
		0BABB55318E7FCDA0041EBE2 /* AppIcon57x57.png */ = {isa = PBXFileReference; lastKnownFileType = image.png; path = AppIcon57x57.png; sourceTree = "<group>"; };
		0BABB55418E7FCDA0041EBE2 /* AppIcon57x57@2x.png */ = {isa = PBXFileReference; lastKnownFileType = image.png; path = "AppIcon57x57@2x.png"; sourceTree = "<group>"; };
		0BABB55518E7FCDA0041EBE2 /* AppIcon60x60.png */ = {isa = PBXFileReference; lastKnownFileType = image.png; path = AppIcon60x60.png; sourceTree = "<group>"; };
		0BABB55618E7FCDA0041EBE2 /* AppIcon60x60@2x.png */ = {isa = PBXFileReference; lastKnownFileType = image.png; path = "AppIcon60x60@2x.png"; sourceTree = "<group>"; };
		0BABB55718E7FCDA0041EBE2 /* AppIcon72x72.png */ = {isa = PBXFileReference; lastKnownFileType = image.png; path = AppIcon72x72.png; sourceTree = "<group>"; };
		0BABB55818E7FCDA0041EBE2 /* AppIcon72x72@2x.png */ = {isa = PBXFileReference; lastKnownFileType = image.png; path = "AppIcon72x72@2x.png"; sourceTree = "<group>"; };
		0BABB55918E7FCDA0041EBE2 /* AppIcon76x76.png */ = {isa = PBXFileReference; lastKnownFileType = image.png; path = AppIcon76x76.png; sourceTree = "<group>"; };
		0BABB55A18E7FCDA0041EBE2 /* AppIcon76x76@2x.png */ = {isa = PBXFileReference; lastKnownFileType = image.png; path = "AppIcon76x76@2x.png"; sourceTree = "<group>"; };
		0BABB55B18E7FCDA0041EBE2 /* iTunesArtwork.png */ = {isa = PBXFileReference; lastKnownFileType = image.png; path = iTunesArtwork.png; sourceTree = "<group>"; };
		0BABB55C18E7FCDA0041EBE2 /* iTunesArtwork@2x.png */ = {isa = PBXFileReference; lastKnownFileType = image.png; path = "iTunesArtwork@2x.png"; sourceTree = "<group>"; };
		0BABB57118E7FE5A0041EBE2 /* background1.jpg */ = {isa = PBXFileReference; lastKnownFileType = image.jpeg; name = background1.jpg; path = Assets/background1.jpg; sourceTree = "<group>"; };
		0BABB57218E7FE5A0041EBE2 /* background2.jpg */ = {isa = PBXFileReference; lastKnownFileType = image.jpeg; name = background2.jpg; path = Assets/background2.jpg; sourceTree = "<group>"; };
		0BABB57518E806D40041EBE2 /* RegisterTypeViewController.h */ = {isa = PBXFileReference; fileEncoding = 4; lastKnownFileType = sourcecode.c.h; path = RegisterTypeViewController.h; sourceTree = "<group>"; };
		0BABB57618E806D40041EBE2 /* RegisterTypeViewController.m */ = {isa = PBXFileReference; fileEncoding = 4; lastKnownFileType = sourcecode.c.objc; path = RegisterTypeViewController.m; sourceTree = "<group>"; };
		0BFA500C18E770F4005EEEF1 /* Pauperless.app */ = {isa = PBXFileReference; explicitFileType = wrapper.application; includeInIndex = 0; path = Pauperless.app; sourceTree = BUILT_PRODUCTS_DIR; };
		0BFA500F18E770F4005EEEF1 /* Foundation.framework */ = {isa = PBXFileReference; lastKnownFileType = wrapper.framework; name = Foundation.framework; path = System/Library/Frameworks/Foundation.framework; sourceTree = SDKROOT; };
		0BFA501118E770F4005EEEF1 /* CoreGraphics.framework */ = {isa = PBXFileReference; lastKnownFileType = wrapper.framework; name = CoreGraphics.framework; path = System/Library/Frameworks/CoreGraphics.framework; sourceTree = SDKROOT; };
		0BFA501318E770F4005EEEF1 /* UIKit.framework */ = {isa = PBXFileReference; lastKnownFileType = wrapper.framework; name = UIKit.framework; path = System/Library/Frameworks/UIKit.framework; sourceTree = SDKROOT; };
		0BFA501718E770F4005EEEF1 /* Pauperless-Info.plist */ = {isa = PBXFileReference; lastKnownFileType = text.plist.xml; path = "Pauperless-Info.plist"; sourceTree = "<group>"; };
		0BFA501918E770F4005EEEF1 /* en */ = {isa = PBXFileReference; lastKnownFileType = text.plist.strings; name = en; path = en.lproj/InfoPlist.strings; sourceTree = "<group>"; };
		0BFA501B18E770F4005EEEF1 /* main.m */ = {isa = PBXFileReference; lastKnownFileType = sourcecode.c.objc; path = main.m; sourceTree = "<group>"; };
		0BFA501D18E770F4005EEEF1 /* Pauperless-Prefix.pch */ = {isa = PBXFileReference; lastKnownFileType = sourcecode.c.h; path = "Pauperless-Prefix.pch"; sourceTree = "<group>"; };
		0BFA501E18E770F4005EEEF1 /* PauperAppDelegate.h */ = {isa = PBXFileReference; lastKnownFileType = sourcecode.c.h; path = PauperAppDelegate.h; sourceTree = "<group>"; };
		0BFA501F18E770F4005EEEF1 /* PauperAppDelegate.m */ = {isa = PBXFileReference; lastKnownFileType = sourcecode.c.objc; path = PauperAppDelegate.m; sourceTree = "<group>"; };
		0BFA502218E770F4005EEEF1 /* Base */ = {isa = PBXFileReference; lastKnownFileType = file.storyboard; name = Base; path = Base.lproj/Main.storyboard; sourceTree = "<group>"; };
		0BFA502418E770F4005EEEF1 /* PauperViewController.h */ = {isa = PBXFileReference; lastKnownFileType = sourcecode.c.h; path = PauperViewController.h; sourceTree = "<group>"; };
		0BFA502518E770F4005EEEF1 /* PauperViewController.m */ = {isa = PBXFileReference; lastKnownFileType = sourcecode.c.objc; path = PauperViewController.m; sourceTree = "<group>"; };
		0BFA502718E770F4005EEEF1 /* Images.xcassets */ = {isa = PBXFileReference; lastKnownFileType = folder.assetcatalog; path = Images.xcassets; sourceTree = "<group>"; };
		0BFA502D18E770F4005EEEF1 /* PauperlessTests.xctest */ = {isa = PBXFileReference; explicitFileType = wrapper.cfbundle; includeInIndex = 0; path = PauperlessTests.xctest; sourceTree = BUILT_PRODUCTS_DIR; };
		0BFA502E18E770F4005EEEF1 /* XCTest.framework */ = {isa = PBXFileReference; lastKnownFileType = wrapper.framework; name = XCTest.framework; path = Library/Frameworks/XCTest.framework; sourceTree = DEVELOPER_DIR; };
		0BFA503618E770F4005EEEF1 /* PauperlessTests-Info.plist */ = {isa = PBXFileReference; lastKnownFileType = text.plist.xml; path = "PauperlessTests-Info.plist"; sourceTree = "<group>"; };
		0BFA503818E770F4005EEEF1 /* en */ = {isa = PBXFileReference; lastKnownFileType = text.plist.strings; name = en; path = en.lproj/InfoPlist.strings; sourceTree = "<group>"; };
		0BFA503A18E770F4005EEEF1 /* PauperlessTests.m */ = {isa = PBXFileReference; lastKnownFileType = sourcecode.c.objc; path = PauperlessTests.m; sourceTree = "<group>"; };
		0BFA504618E78A3B005EEEF1 /* AudioToolbox.framework */ = {isa = PBXFileReference; lastKnownFileType = wrapper.framework; name = AudioToolbox.framework; path = System/Library/Frameworks/AudioToolbox.framework; sourceTree = SDKROOT; };
		0BFA504818E78A40005EEEF1 /* CFNetwork.framework */ = {isa = PBXFileReference; lastKnownFileType = wrapper.framework; name = CFNetwork.framework; path = System/Library/Frameworks/CFNetwork.framework; sourceTree = SDKROOT; };
		0BFA504A18E78A48005EEEF1 /* CoreLocation.framework */ = {isa = PBXFileReference; lastKnownFileType = wrapper.framework; name = CoreLocation.framework; path = System/Library/Frameworks/CoreLocation.framework; sourceTree = SDKROOT; };
		0BFA504C18E78A4D005EEEF1 /* libz.dylib */ = {isa = PBXFileReference; lastKnownFileType = "compiled.mach-o.dylib"; name = libz.dylib; path = usr/lib/libz.dylib; sourceTree = SDKROOT; };
		0BFA504E18E78A51005EEEF1 /* MobileCoreServices.framework */ = {isa = PBXFileReference; lastKnownFileType = wrapper.framework; name = MobileCoreServices.framework; path = System/Library/Frameworks/MobileCoreServices.framework; sourceTree = SDKROOT; };
		0BFA505018E78A55005EEEF1 /* QuartzCore.framework */ = {isa = PBXFileReference; lastKnownFileType = wrapper.framework; name = QuartzCore.framework; path = System/Library/Frameworks/QuartzCore.framework; sourceTree = SDKROOT; };
		0BFA505218E78A59005EEEF1 /* Security.framework */ = {isa = PBXFileReference; lastKnownFileType = wrapper.framework; name = Security.framework; path = System/Library/Frameworks/Security.framework; sourceTree = SDKROOT; };
		0BFA505418E78A5E005EEEF1 /* StoreKit.framework */ = {isa = PBXFileReference; lastKnownFileType = wrapper.framework; name = StoreKit.framework; path = System/Library/Frameworks/StoreKit.framework; sourceTree = SDKROOT; };
		0BFA505618E78A69005EEEF1 /* SystemConfiguration.framework */ = {isa = PBXFileReference; lastKnownFileType = wrapper.framework; name = SystemConfiguration.framework; path = System/Library/Frameworks/SystemConfiguration.framework; sourceTree = SDKROOT; };
		0BFA505818E78AA6005EEEF1 /* Parse.framework */ = {isa = PBXFileReference; lastKnownFileType = wrapper.framework; path = Parse.framework; sourceTree = "<group>"; };
		0BFA505D18E78C75005EEEF1 /* RegistrationViewController.h */ = {isa = PBXFileReference; fileEncoding = 4; lastKnownFileType = sourcecode.c.h; path = RegistrationViewController.h; sourceTree = "<group>"; };
		0BFA505E18E78C75005EEEF1 /* RegistrationViewController.m */ = {isa = PBXFileReference; fileEncoding = 4; lastKnownFileType = sourcecode.c.objc; path = RegistrationViewController.m; sourceTree = "<group>"; };
/* End PBXFileReference section */

/* Begin PBXFrameworksBuildPhase section */
		0BFA500918E770F4005EEEF1 /* Frameworks */ = {
			isa = PBXFrameworksBuildPhase;
			buildActionMask = 2147483647;
			files = (
				0BFA506018E78EE7005EEEF1 /* Parse.framework in Frameworks */,
				0BFA505718E78A69005EEEF1 /* SystemConfiguration.framework in Frameworks */,
				0BFA505518E78A5E005EEEF1 /* StoreKit.framework in Frameworks */,
				0BFA505318E78A59005EEEF1 /* Security.framework in Frameworks */,
				0BFA505118E78A55005EEEF1 /* QuartzCore.framework in Frameworks */,
				0BFA504F18E78A51005EEEF1 /* MobileCoreServices.framework in Frameworks */,
				0BFA504D18E78A4D005EEEF1 /* libz.dylib in Frameworks */,
				0BFA504B18E78A48005EEEF1 /* CoreLocation.framework in Frameworks */,
				0BFA501218E770F4005EEEF1 /* CoreGraphics.framework in Frameworks */,
				0BFA504918E78A40005EEEF1 /* CFNetwork.framework in Frameworks */,
				0BFA504718E78A3B005EEEF1 /* AudioToolbox.framework in Frameworks */,
				0BFA501418E770F4005EEEF1 /* UIKit.framework in Frameworks */,
				0BFA501018E770F4005EEEF1 /* Foundation.framework in Frameworks */,
			);
			runOnlyForDeploymentPostprocessing = 0;
		};
		0BFA502A18E770F4005EEEF1 /* Frameworks */ = {
			isa = PBXFrameworksBuildPhase;
			buildActionMask = 2147483647;
			files = (
				0BFA502F18E770F4005EEEF1 /* XCTest.framework in Frameworks */,
				0BFA503118E770F4005EEEF1 /* UIKit.framework in Frameworks */,
				0BFA503018E770F4005EEEF1 /* Foundation.framework in Frameworks */,
			);
			runOnlyForDeploymentPostprocessing = 0;
		};
/* End PBXFrameworksBuildPhase section */

/* Begin PBXGroup section */
		0B53291818E7D9D50017EE3E /* Assets */ = {
			isa = PBXGroup;
			children = (
				0BABB54C18E7FCDA0041EBE2 /* App Icon [Rounded] */,
				0BABB54718E7F4580041EBE2 /* sidewalk.png */,
				0BABB57118E7FE5A0041EBE2 /* background1.jpg */,
				0BABB57218E7FE5A0041EBE2 /* background2.jpg */,
				0B53291B18E7DB280017EE3E /* pauperless_black.png */,
				0B53291C18E7DB280017EE3E /* pauperless_white.png */,
				0B53291D18E7DB280017EE3E /* pauperless.png */,
				0B53291918E7D9E00017EE3E /* Cityscape.png */,
			);
			name = Assets;
			sourceTree = "<group>";
		};
		0BABB54318E7EE9F0041EBE2 /* Model */ = {
			isa = PBXGroup;
			children = (
				0BABB54418E7EEB30041EBE2 /* ItemCell.h */,
				0BABB54518E7EEB30041EBE2 /* ItemCell.m */,
				0B7B03FB18E812C9000AA3FF /* NonprofitCell.h */,
				0B7B03FC18E812C9000AA3FF /* NonprofitCell.m */,
			);
			name = Model;
			sourceTree = "<group>";
		};
		0BABB54C18E7FCDA0041EBE2 /* App Icon [Rounded] */ = {
			isa = PBXGroup;
			children = (
				0BABB54D18E7FCDA0041EBE2 /* AppIcon29x29.png */,
				0BABB54E18E7FCDA0041EBE2 /* AppIcon29x29@2x.png */,
				0BABB54F18E7FCDA0041EBE2 /* AppIcon40x40.png */,
				0BABB55018E7FCDA0041EBE2 /* AppIcon40x40@2x.png */,
				0BABB55118E7FCDA0041EBE2 /* AppIcon50x50.png */,
				0BABB55218E7FCDA0041EBE2 /* AppIcon50x50@2x.png */,
				0BABB55318E7FCDA0041EBE2 /* AppIcon57x57.png */,
				0BABB55418E7FCDA0041EBE2 /* AppIcon57x57@2x.png */,
				0BABB55518E7FCDA0041EBE2 /* AppIcon60x60.png */,
				0BABB55618E7FCDA0041EBE2 /* AppIcon60x60@2x.png */,
				0BABB55718E7FCDA0041EBE2 /* AppIcon72x72.png */,
				0BABB55818E7FCDA0041EBE2 /* AppIcon72x72@2x.png */,
				0BABB55918E7FCDA0041EBE2 /* AppIcon76x76.png */,
				0BABB55A18E7FCDA0041EBE2 /* AppIcon76x76@2x.png */,
				0BABB55B18E7FCDA0041EBE2 /* iTunesArtwork.png */,
				0BABB55C18E7FCDA0041EBE2 /* iTunesArtwork@2x.png */,
			);
			name = "App Icon [Rounded]";
			path = "Assets/App Icon [Rounded]";
			sourceTree = "<group>";
		};
		0BFA500318E770F4005EEEF1 = {
			isa = PBXGroup;
			children = (
				0B53291818E7D9D50017EE3E /* Assets */,
				0BFA501518E770F4005EEEF1 /* Pauperless */,
				0BFA503418E770F4005EEEF1 /* PauperlessTests */,
				0BFA500E18E770F4005EEEF1 /* Frameworks */,
				0BFA500D18E770F4005EEEF1 /* Products */,
			);
			sourceTree = "<group>";
		};
		0BFA500D18E770F4005EEEF1 /* Products */ = {
			isa = PBXGroup;
			children = (
				0BFA500C18E770F4005EEEF1 /* Pauperless.app */,
				0BFA502D18E770F4005EEEF1 /* PauperlessTests.xctest */,
			);
			name = Products;
			sourceTree = "<group>";
		};
		0BFA500E18E770F4005EEEF1 /* Frameworks */ = {
			isa = PBXGroup;
			children = (
				0BFA505818E78AA6005EEEF1 /* Parse.framework */,
				0BFA505618E78A69005EEEF1 /* SystemConfiguration.framework */,
				0BFA505418E78A5E005EEEF1 /* StoreKit.framework */,
				0BFA505218E78A59005EEEF1 /* Security.framework */,
				0BFA505018E78A55005EEEF1 /* QuartzCore.framework */,
				0BFA504E18E78A51005EEEF1 /* MobileCoreServices.framework */,
				0BFA504C18E78A4D005EEEF1 /* libz.dylib */,
				0BFA504A18E78A48005EEEF1 /* CoreLocation.framework */,
				0BFA504818E78A40005EEEF1 /* CFNetwork.framework */,
				0BFA504618E78A3B005EEEF1 /* AudioToolbox.framework */,
				0BFA500F18E770F4005EEEF1 /* Foundation.framework */,
				0BFA501118E770F4005EEEF1 /* CoreGraphics.framework */,
				0BFA501318E770F4005EEEF1 /* UIKit.framework */,
				0BFA502E18E770F4005EEEF1 /* XCTest.framework */,
			);
			name = Frameworks;
			sourceTree = "<group>";
		};
		0BFA501518E770F4005EEEF1 /* Pauperless */ = {
			isa = PBXGroup;
			children = (
				0BABB54318E7EE9F0041EBE2 /* Model */,
				0B53292118E7DC930017EE3E /* AddItemViewController.h */,
				0B53292218E7DC930017EE3E /* AddItemViewController.m */,
				0B53292318E7DC930017EE3E /* NonProfitViewController.h */,
				0B53292418E7DC930017EE3E /* NonProfitViewController.m */,
				0BABB54918E7F78F0041EBE2 /* ItemDetails.h */,
				0B7B03FE18E814C7000AA3FF /* ManageSubscriptionsViewController.h */,
				0B7B03FF18E814C7000AA3FF /* ManageSubscriptionsViewController.m */,
				0BABB54A18E7F78F0041EBE2 /* ItemDetails.m */,
				0BFA501E18E770F4005EEEF1 /* PauperAppDelegate.h */,
				0BFA501F18E770F4005EEEF1 /* PauperAppDelegate.m */,
				0BFA502118E770F4005EEEF1 /* Main.storyboard */,
				0B7B03F818E80EC3000AA3FF /* SubscriptionViewController.h */,
				0B7B03F918E80EC3000AA3FF /* SubscriptionViewController.m */,
				0BFA502418E770F4005EEEF1 /* PauperViewController.h */,
				0BFA502518E770F4005EEEF1 /* PauperViewController.m */,
				0BFA505D18E78C75005EEEF1 /* RegistrationViewController.h */,
				0BFA505E18E78C75005EEEF1 /* RegistrationViewController.m */,
				0BABB57518E806D40041EBE2 /* RegisterTypeViewController.h */,
				0BABB57618E806D40041EBE2 /* RegisterTypeViewController.m */,
				0BFA502718E770F4005EEEF1 /* Images.xcassets */,
				0BFA501618E770F4005EEEF1 /* Supporting Files */,
			);
			path = Pauperless;
			sourceTree = "<group>";
		};
		0BFA501618E770F4005EEEF1 /* Supporting Files */ = {
			isa = PBXGroup;
			children = (
				0BFA501718E770F4005EEEF1 /* Pauperless-Info.plist */,
				0BFA501818E770F4005EEEF1 /* InfoPlist.strings */,
				0BFA501B18E770F4005EEEF1 /* main.m */,
				0BFA501D18E770F4005EEEF1 /* Pauperless-Prefix.pch */,
			);
			name = "Supporting Files";
			sourceTree = "<group>";
		};
		0BFA503418E770F4005EEEF1 /* PauperlessTests */ = {
			isa = PBXGroup;
			children = (
				0BFA503A18E770F4005EEEF1 /* PauperlessTests.m */,
				0BFA503518E770F4005EEEF1 /* Supporting Files */,
			);
			path = PauperlessTests;
			sourceTree = "<group>";
		};
		0BFA503518E770F4005EEEF1 /* Supporting Files */ = {
			isa = PBXGroup;
			children = (
				0BFA503618E770F4005EEEF1 /* PauperlessTests-Info.plist */,
				0BFA503718E770F4005EEEF1 /* InfoPlist.strings */,
			);
			name = "Supporting Files";
			sourceTree = "<group>";
		};
/* End PBXGroup section */

/* Begin PBXNativeTarget section */
		0BFA500B18E770F4005EEEF1 /* Pauperless */ = {
			isa = PBXNativeTarget;
			buildConfigurationList = 0BFA503E18E770F4005EEEF1 /* Build configuration list for PBXNativeTarget "Pauperless" */;
			buildPhases = (
				0BFA500818E770F4005EEEF1 /* Sources */,
				0BFA500918E770F4005EEEF1 /* Frameworks */,
				0BFA500A18E770F4005EEEF1 /* Resources */,
			);
			buildRules = (
			);
			dependencies = (
			);
			name = Pauperless;
			productName = Pauperless;
			productReference = 0BFA500C18E770F4005EEEF1 /* Pauperless.app */;
			productType = "com.apple.product-type.application";
		};
		0BFA502C18E770F4005EEEF1 /* PauperlessTests */ = {
			isa = PBXNativeTarget;
			buildConfigurationList = 0BFA504118E770F4005EEEF1 /* Build configuration list for PBXNativeTarget "PauperlessTests" */;
			buildPhases = (
				0BFA502918E770F4005EEEF1 /* Sources */,
				0BFA502A18E770F4005EEEF1 /* Frameworks */,
				0BFA502B18E770F4005EEEF1 /* Resources */,
			);
			buildRules = (
			);
			dependencies = (
				0BFA503318E770F4005EEEF1 /* PBXTargetDependency */,
			);
			name = PauperlessTests;
			productName = PauperlessTests;
			productReference = 0BFA502D18E770F4005EEEF1 /* PauperlessTests.xctest */;
			productType = "com.apple.product-type.bundle.unit-test";
		};
/* End PBXNativeTarget section */

/* Begin PBXProject section */
		0BFA500418E770F4005EEEF1 /* Project object */ = {
			isa = PBXProject;
			attributes = {
				CLASSPREFIX = Pauper;
				LastUpgradeCheck = 0510;
				ORGANIZATIONNAME = DTech;
				TargetAttributes = {
					0BFA502C18E770F4005EEEF1 = {
						TestTargetID = 0BFA500B18E770F4005EEEF1;
					};
				};
			};
			buildConfigurationList = 0BFA500718E770F4005EEEF1 /* Build configuration list for PBXProject "Pauperless" */;
			compatibilityVersion = "Xcode 3.2";
			developmentRegion = English;
			hasScannedForEncodings = 0;
			knownRegions = (
				en,
				Base,
			);
			mainGroup = 0BFA500318E770F4005EEEF1;
			productRefGroup = 0BFA500D18E770F4005EEEF1 /* Products */;
			projectDirPath = "";
			projectRoot = "";
			targets = (
				0BFA500B18E770F4005EEEF1 /* Pauperless */,
				0BFA502C18E770F4005EEEF1 /* PauperlessTests */,
			);
		};
/* End PBXProject section */

/* Begin PBXResourcesBuildPhase section */
		0BFA500A18E770F4005EEEF1 /* Resources */ = {
			isa = PBXResourcesBuildPhase;
			buildActionMask = 2147483647;
			files = (
				0BFA502818E770F4005EEEF1 /* Images.xcassets in Resources */,
				0B53292018E7DB280017EE3E /* pauperless.png in Resources */,
				0BABB55F18E7FCDA0041EBE2 /* AppIcon29x29.png in Resources */,
				0BABB57318E7FE5A0041EBE2 /* background1.jpg in Resources */,
				0B53291E18E7DB280017EE3E /* pauperless_black.png in Resources */,
				0BABB56A18E7FCDA0041EBE2 /* AppIcon72x72@2x.png in Resources */,
				0BABB56118E7FCDA0041EBE2 /* AppIcon40x40.png in Resources */,
				0BABB56718E7FCDA0041EBE2 /* AppIcon60x60.png in Resources */,
				0BABB54818E7F4580041EBE2 /* sidewalk.png in Resources */,
				0BABB56418E7FCDA0041EBE2 /* AppIcon50x50@2x.png in Resources */,
				0BABB56D18E7FCDA0041EBE2 /* iTunesArtwork.png in Resources */,
				0BABB56B18E7FCDA0041EBE2 /* AppIcon76x76.png in Resources */,
				0BABB56918E7FCDA0041EBE2 /* AppIcon72x72.png in Resources */,
				0BABB56518E7FCDA0041EBE2 /* AppIcon57x57.png in Resources */,
				0BABB56218E7FCDA0041EBE2 /* AppIcon40x40@2x.png in Resources */,
				0BABB56818E7FCDA0041EBE2 /* AppIcon60x60@2x.png in Resources */,
				0B53291A18E7D9E00017EE3E /* Cityscape.png in Resources */,
				0BABB56618E7FCDA0041EBE2 /* AppIcon57x57@2x.png in Resources */,
				0BABB57418E7FE5A0041EBE2 /* background2.jpg in Resources */,
				0BABB56018E7FCDA0041EBE2 /* AppIcon29x29@2x.png in Resources */,
				0BFA501A18E770F4005EEEF1 /* InfoPlist.strings in Resources */,
				0BABB56E18E7FCDA0041EBE2 /* iTunesArtwork@2x.png in Resources */,
				0BABB56C18E7FCDA0041EBE2 /* AppIcon76x76@2x.png in Resources */,
				0BFA502318E770F4005EEEF1 /* Main.storyboard in Resources */,
				0B53291F18E7DB280017EE3E /* pauperless_white.png in Resources */,
				0BABB56318E7FCDA0041EBE2 /* AppIcon50x50.png in Resources */,
			);
			runOnlyForDeploymentPostprocessing = 0;
		};
		0BFA502B18E770F4005EEEF1 /* Resources */ = {
			isa = PBXResourcesBuildPhase;
			buildActionMask = 2147483647;
			files = (
				0BFA503918E770F4005EEEF1 /* InfoPlist.strings in Resources */,
			);
			runOnlyForDeploymentPostprocessing = 0;
		};
/* End PBXResourcesBuildPhase section */

/* Begin PBXSourcesBuildPhase section */
		0BFA500818E770F4005EEEF1 /* Sources */ = {
			isa = PBXSourcesBuildPhase;
			buildActionMask = 2147483647;
			files = (
				0BFA501C18E770F4005EEEF1 /* main.m in Sources */,
				0BFA505F18E78C75005EEEF1 /* RegistrationViewController.m in Sources */,
				0B7B040018E814C7000AA3FF /* ManageSubscriptionsViewController.m in Sources */,
				0B53292618E7DC930017EE3E /* NonProfitViewController.m in Sources */,
				0B7B03FA18E80EC3000AA3FF /* SubscriptionViewController.m in Sources */,
				0BABB54618E7EEB30041EBE2 /* ItemCell.m in Sources */,
				0B53292518E7DC930017EE3E /* AddItemViewController.m in Sources */,
				0BABB54B18E7F78F0041EBE2 /* ItemDetails.m in Sources */,
				0BFA502618E770F4005EEEF1 /* PauperViewController.m in Sources */,
				0B7B03FD18E812C9000AA3FF /* NonprofitCell.m in Sources */,
				0BFA502018E770F4005EEEF1 /* PauperAppDelegate.m in Sources */,
				0BABB57718E806D40041EBE2 /* RegisterTypeViewController.m in Sources */,
			);
			runOnlyForDeploymentPostprocessing = 0;
		};
		0BFA502918E770F4005EEEF1 /* Sources */ = {
			isa = PBXSourcesBuildPhase;
			buildActionMask = 2147483647;
			files = (
				0BFA503B18E770F4005EEEF1 /* PauperlessTests.m in Sources */,
			);
			runOnlyForDeploymentPostprocessing = 0;
		};
/* End PBXSourcesBuildPhase section */

/* Begin PBXTargetDependency section */
		0BFA503318E770F4005EEEF1 /* PBXTargetDependency */ = {
			isa = PBXTargetDependency;
			target = 0BFA500B18E770F4005EEEF1 /* Pauperless */;
			targetProxy = 0BFA503218E770F4005EEEF1 /* PBXContainerItemProxy */;
		};
/* End PBXTargetDependency section */

/* Begin PBXVariantGroup section */
		0BFA501818E770F4005EEEF1 /* InfoPlist.strings */ = {
			isa = PBXVariantGroup;
			children = (
				0BFA501918E770F4005EEEF1 /* en */,
			);
			name = InfoPlist.strings;
			sourceTree = "<group>";
		};
		0BFA502118E770F4005EEEF1 /* Main.storyboard */ = {
			isa = PBXVariantGroup;
			children = (
				0BFA502218E770F4005EEEF1 /* Base */,
			);
			name = Main.storyboard;
			sourceTree = "<group>";
		};
		0BFA503718E770F4005EEEF1 /* InfoPlist.strings */ = {
			isa = PBXVariantGroup;
			children = (
				0BFA503818E770F4005EEEF1 /* en */,
			);
			name = InfoPlist.strings;
			sourceTree = "<group>";
		};
/* End PBXVariantGroup section */

/* Begin XCBuildConfiguration section */
		0BFA503C18E770F4005EEEF1 /* Debug */ = {
			isa = XCBuildConfiguration;
			buildSettings = {
				ALWAYS_SEARCH_USER_PATHS = NO;
				CLANG_CXX_LANGUAGE_STANDARD = "gnu++0x";
				CLANG_CXX_LIBRARY = "libc++";
				CLANG_ENABLE_MODULES = YES;
				CLANG_ENABLE_OBJC_ARC = YES;
				CLANG_WARN_BOOL_CONVERSION = YES;
				CLANG_WARN_CONSTANT_CONVERSION = YES;
				CLANG_WARN_DIRECT_OBJC_ISA_USAGE = YES_ERROR;
				CLANG_WARN_EMPTY_BODY = YES;
				CLANG_WARN_ENUM_CONVERSION = YES;
				CLANG_WARN_INT_CONVERSION = YES;
				CLANG_WARN_OBJC_ROOT_CLASS = YES_ERROR;
				CLANG_WARN__DUPLICATE_METHOD_MATCH = YES;
				"CODE_SIGN_IDENTITY[sdk=iphoneos*]" = "iPhone Developer";
				COPY_PHASE_STRIP = NO;
				GCC_C_LANGUAGE_STANDARD = gnu99;
				GCC_DYNAMIC_NO_PIC = NO;
				GCC_OPTIMIZATION_LEVEL = 0;
				GCC_PREPROCESSOR_DEFINITIONS = (
					"DEBUG=1",
					"$(inherited)",
				);
				GCC_SYMBOLS_PRIVATE_EXTERN = NO;
				GCC_WARN_64_TO_32_BIT_CONVERSION = YES;
				GCC_WARN_ABOUT_RETURN_TYPE = YES_ERROR;
				GCC_WARN_UNDECLARED_SELECTOR = YES;
				GCC_WARN_UNINITIALIZED_AUTOS = YES_AGGRESSIVE;
				GCC_WARN_UNUSED_FUNCTION = YES;
				GCC_WARN_UNUSED_VARIABLE = YES;
				IPHONEOS_DEPLOYMENT_TARGET = 7.1;
				ONLY_ACTIVE_ARCH = YES;
				SDKROOT = iphoneos;
			};
			name = Debug;
		};
		0BFA503D18E770F4005EEEF1 /* Release */ = {
			isa = XCBuildConfiguration;
			buildSettings = {
				ALWAYS_SEARCH_USER_PATHS = NO;
				CLANG_CXX_LANGUAGE_STANDARD = "gnu++0x";
				CLANG_CXX_LIBRARY = "libc++";
				CLANG_ENABLE_MODULES = YES;
				CLANG_ENABLE_OBJC_ARC = YES;
				CLANG_WARN_BOOL_CONVERSION = YES;
				CLANG_WARN_CONSTANT_CONVERSION = YES;
				CLANG_WARN_DIRECT_OBJC_ISA_USAGE = YES_ERROR;
				CLANG_WARN_EMPTY_BODY = YES;
				CLANG_WARN_ENUM_CONVERSION = YES;
				CLANG_WARN_INT_CONVERSION = YES;
				CLANG_WARN_OBJC_ROOT_CLASS = YES_ERROR;
				CLANG_WARN__DUPLICATE_METHOD_MATCH = YES;
				"CODE_SIGN_IDENTITY[sdk=iphoneos*]" = "iPhone Developer";
				COPY_PHASE_STRIP = YES;
				ENABLE_NS_ASSERTIONS = NO;
				GCC_C_LANGUAGE_STANDARD = gnu99;
				GCC_WARN_64_TO_32_BIT_CONVERSION = YES;
				GCC_WARN_ABOUT_RETURN_TYPE = YES_ERROR;
				GCC_WARN_UNDECLARED_SELECTOR = YES;
				GCC_WARN_UNINITIALIZED_AUTOS = YES_AGGRESSIVE;
				GCC_WARN_UNUSED_FUNCTION = YES;
				GCC_WARN_UNUSED_VARIABLE = YES;
				IPHONEOS_DEPLOYMENT_TARGET = 7.1;
				SDKROOT = iphoneos;
				VALIDATE_PRODUCT = YES;
			};
			name = Release;
		};
		0BFA503F18E770F4005EEEF1 /* Debug */ = {
			isa = XCBuildConfiguration;
			buildSettings = {
				ASSETCATALOG_COMPILER_APPICON_NAME = AppIcon;
				ASSETCATALOG_COMPILER_LAUNCHIMAGE_NAME = LaunchImage;
				FRAMEWORK_SEARCH_PATHS = (
					"$(inherited)",
					"$(PROJECT_DIR)",
				);
				GCC_PRECOMPILE_PREFIX_HEADER = YES;
				GCC_PREFIX_HEADER = "Pauperless/Pauperless-Prefix.pch";
				INFOPLIST_FILE = "Pauperless/Pauperless-Info.plist";
				IPHONEOS_DEPLOYMENT_TARGET = 7.0;
				PRODUCT_NAME = "$(TARGET_NAME)";
				WRAPPER_EXTENSION = app;
			};
			name = Debug;
		};
		0BFA504018E770F4005EEEF1 /* Release */ = {
			isa = XCBuildConfiguration;
			buildSettings = {
				ASSETCATALOG_COMPILER_APPICON_NAME = AppIcon;
				ASSETCATALOG_COMPILER_LAUNCHIMAGE_NAME = LaunchImage;
				FRAMEWORK_SEARCH_PATHS = (
					"$(inherited)",
					"$(PROJECT_DIR)",
				);
				GCC_PRECOMPILE_PREFIX_HEADER = YES;
				GCC_PREFIX_HEADER = "Pauperless/Pauperless-Prefix.pch";
				INFOPLIST_FILE = "Pauperless/Pauperless-Info.plist";
				IPHONEOS_DEPLOYMENT_TARGET = 7.0;
				PRODUCT_NAME = "$(TARGET_NAME)";
				WRAPPER_EXTENSION = app;
			};
			name = Release;
		};
		0BFA504218E770F4005EEEF1 /* Debug */ = {
			isa = XCBuildConfiguration;
			buildSettings = {
				BUNDLE_LOADER = "$(BUILT_PRODUCTS_DIR)/Pauperless.app/Pauperless";
				FRAMEWORK_SEARCH_PATHS = (
					"$(SDKROOT)/Developer/Library/Frameworks",
					"$(inherited)",
					"$(DEVELOPER_FRAMEWORKS_DIR)",
				);
				GCC_PRECOMPILE_PREFIX_HEADER = YES;
				GCC_PREFIX_HEADER = "Pauperless/Pauperless-Prefix.pch";
				GCC_PREPROCESSOR_DEFINITIONS = (
					"DEBUG=1",
					"$(inherited)",
				);
				INFOPLIST_FILE = "PauperlessTests/PauperlessTests-Info.plist";
				PRODUCT_NAME = "$(TARGET_NAME)";
				TEST_HOST = "$(BUNDLE_LOADER)";
				WRAPPER_EXTENSION = xctest;
			};
			name = Debug;
		};
		0BFA504318E770F4005EEEF1 /* Release */ = {
			isa = XCBuildConfiguration;
			buildSettings = {
				BUNDLE_LOADER = "$(BUILT_PRODUCTS_DIR)/Pauperless.app/Pauperless";
				FRAMEWORK_SEARCH_PATHS = (
					"$(SDKROOT)/Developer/Library/Frameworks",
					"$(inherited)",
					"$(DEVELOPER_FRAMEWORKS_DIR)",
				);
				GCC_PRECOMPILE_PREFIX_HEADER = YES;
				GCC_PREFIX_HEADER = "Pauperless/Pauperless-Prefix.pch";
				INFOPLIST_FILE = "PauperlessTests/PauperlessTests-Info.plist";
				PRODUCT_NAME = "$(TARGET_NAME)";
				TEST_HOST = "$(BUNDLE_LOADER)";
				WRAPPER_EXTENSION = xctest;
			};
			name = Release;
		};
/* End XCBuildConfiguration section */

/* Begin XCConfigurationList section */
		0BFA500718E770F4005EEEF1 /* Build configuration list for PBXProject "Pauperless" */ = {
			isa = XCConfigurationList;
			buildConfigurations = (
				0BFA503C18E770F4005EEEF1 /* Debug */,
				0BFA503D18E770F4005EEEF1 /* Release */,
			);
			defaultConfigurationIsVisible = 0;
			defaultConfigurationName = Release;
		};
		0BFA503E18E770F4005EEEF1 /* Build configuration list for PBXNativeTarget "Pauperless" */ = {
			isa = XCConfigurationList;
			buildConfigurations = (
				0BFA503F18E770F4005EEEF1 /* Debug */,
				0BFA504018E770F4005EEEF1 /* Release */,
			);
			defaultConfigurationIsVisible = 0;
			defaultConfigurationName = Release;
		};
		0BFA504118E770F4005EEEF1 /* Build configuration list for PBXNativeTarget "PauperlessTests" */ = {
			isa = XCConfigurationList;
			buildConfigurations = (
				0BFA504218E770F4005EEEF1 /* Debug */,
				0BFA504318E770F4005EEEF1 /* Release */,
			);
			defaultConfigurationIsVisible = 0;
			defaultConfigurationName = Release;
		};
/* End XCConfigurationList section */
	};
	rootObject = 0BFA500418E770F4005EEEF1 /* Project object */;
}
